
Microsoft Visual Studio Solution File, Format Version 12.00
Project("{FAE04EC0-301F-11D3-BF4B-00C04F79EFBC}") = "Chat-application-backend", "Chat-application-backend\Chat-application-backend.csproj", "{28595CF9-4457-439F-93BD-5B6F5AE9E8AF}"
EndProject
Project("{2150E333-8FDC-42A3-9474-1A3956D46DE8}") = "Solution Items", "Solution Items", "{82F10F21-6ABC-4986-830F-E34E43B35BF2}"
	ProjectSection(SolutionItems) = preProject
		compose.yaml = compose.yaml
	EndProjectSection
EndProject
Global
	GlobalSection(SolutionConfigurationPlatforms) = preSolution
		Debug|Any CPU = Debug|Any CPU
		Release|Any CPU = Release|Any CPU
	EndGlobalSection
	GlobalSection(ProjectConfigurationPlatforms) = postSolution
		{28595CF9-4457-439F-93BD-5B6F5AE9E8AF}.Debug|Any CPU.ActiveCfg = Debug|Any CPU
		{28595CF9-4457-439F-93BD-5B6F5AE9E8AF}.Debug|Any CPU.Build.0 = Debug|Any CPU
		{28595CF9-4457-439F-93BD-5B6F5AE9E8AF}.Release|Any CPU.ActiveCfg = Release|Any CPU
		{28595CF9-4457-439F-93BD-5B6F5AE9E8AF}.Release|Any CPU.Build.0 = Release|Any CPU
	EndGlobalSection
EndGlobal
